
Microsoft Visual Studio Solution File, Format Version 12.00
# Visual Studio Version 16
VisualStudioVersion = 16.0.32228.343
MinimumVisualStudioVersion = 10.0.40219.1
Project("{FAE04EC0-301F-11D3-BF4B-00C04F79EFBC}") = "Notepad", "Notepad.csproj", "{596E339E-774D-4050-BC5B-DEE19510CBC4}"
EndProject
Global
	GlobalSection(SolutionConfigurationPlatforms) = preSolution
		Debug|Any CPU = Debug|Any CPU
		Release|Any CPU = Release|Any CPU
	EndGlobalSection
	GlobalSection(ProjectConfigurationPlatforms) = postSolution
		{596E339E-774D-4050-BC5B-DEE19510CBC4}.Debug|Any CPU.ActiveCfg = Debug|Any CPU
		{596E339E-774D-4050-BC5B-DEE19510CBC4}.Debug|Any CPU.Build.0 = Debug|Any CPU
		{596E339E-774D-4050-BC5B-DEE19510CBC4}.Release|Any CPU.ActiveCfg = Release|Any CPU
		{596E339E-774D-4050-BC5B-DEE19510CBC4}.Release|Any CPU.Build.0 = Release|Any CPU
	EndGlobalSection
	GlobalSection(SolutionProperties) = preSolution
		HideSolutionNode = FALSE
	EndGlobalSection
	GlobalSection(ExtensibilityGlobals) = postSolution
		SolutionGuid = {9EFD469F-2700-45CD-84A0-52EF759B8A70}
	EndGlobalSection
EndGlobal
